
Microsoft Visual Studio Solution File, Format Version 12.00
# Visual Studio 15
VisualStudioVersion = 15.0.28307.539
MinimumVisualStudioVersion = 10.0.40219.1
Project("{9A19103F-16F7-4668-BE54-9A1E7A4F7556}") = "Bikesharing.Campaign", "Bikesharing.Campaign\Bikesharing.Campaign.csproj", "{90A70719-B722-42D9-AD2D-1EF0E20A7FB7}"
EndProject
Project("{9A19103F-16F7-4668-BE54-9A1E7A4F7556}") = "Bikesharing.Email.Api", "Email.Api\Bikesharing.Email.Api.csproj", "{8CD2661C-D73E-477D-92BA-1BA7B70423F3}"
EndProject
Project("{9A19103F-16F7-4668-BE54-9A1E7A4F7556}") = "Bikesharing.Feedback.Api", "Feedback.Api\Bikesharing.Feedback.Api.csproj", "{44DFB02C-20FC-4E7B-B992-CEBF0B9AADB8}"
EndProject
Project("{9A19103F-16F7-4668-BE54-9A1E7A4F7556}") = "Bikesharing.Profile.Api", "Profile.Api\Bikesharing.Profile.Api.csproj", "{A7566FDE-61AC-4D36-AE4D-9EF5765BA2E4}"
EndProject
Project("{9A19103F-16F7-4668-BE54-9A1E7A4F7556}") = "Bikesharing.Core", "Core\Bikesharing.Core.csproj", "{1C284BCA-B7F1-4836-9A26-0EDDAB2168A8}"
EndProject
Project("{2150E333-8FDC-42A3-9474-1A3956D46DE8}") = "Solution Items", "Solution Items", "{1FF3B5EC-5924-4F75-BDAA-506274A4E444}"
	ProjectSection(SolutionItems) = preProject
		deploy-bikeSharing360_AKS.yaml = deploy-bikeSharing360_AKS.yaml
	EndProjectSection
EndProject
Global
	GlobalSection(SolutionConfigurationPlatforms) = preSolution
		Debug|Any CPU = Debug|Any CPU
		Debug|x64 = Debug|x64
		Debug|x86 = Debug|x86
		Release|Any CPU = Release|Any CPU
		Release|x64 = Release|x64
		Release|x86 = Release|x86
	EndGlobalSection
	GlobalSection(ProjectConfigurationPlatforms) = postSolution
		{90A70719-B722-42D9-AD2D-1EF0E20A7FB7}.Debug|Any CPU.ActiveCfg = Debug|Any CPU
		{90A70719-B722-42D9-AD2D-1EF0E20A7FB7}.Debug|Any CPU.Build.0 = Debug|Any CPU
		{90A70719-B722-42D9-AD2D-1EF0E20A7FB7}.Debug|x64.ActiveCfg = Debug|Any CPU
		{90A70719-B722-42D9-AD2D-1EF0E20A7FB7}.Debug|x64.Build.0 = Debug|Any CPU
		{90A70719-B722-42D9-AD2D-1EF0E20A7FB7}.Debug|x86.ActiveCfg = Debug|Any CPU
		{90A70719-B722-42D9-AD2D-1EF0E20A7FB7}.Debug|x86.Build.0 = Debug|Any CPU
		{90A70719-B722-42D9-AD2D-1EF0E20A7FB7}.Release|Any CPU.ActiveCfg = Release|Any CPU
		{90A70719-B722-42D9-AD2D-1EF0E20A7FB7}.Release|Any CPU.Build.0 = Release|Any CPU
		{90A70719-B722-42D9-AD2D-1EF0E20A7FB7}.Release|x64.ActiveCfg = Release|Any CPU
		{90A70719-B722-42D9-AD2D-1EF0E20A7FB7}.Release|x64.Build.0 = Release|Any CPU
		{90A70719-B722-42D9-AD2D-1EF0E20A7FB7}.Release|x86.ActiveCfg = Release|Any CPU
		{90A70719-B722-42D9-AD2D-1EF0E20A7FB7}.Release|x86.Build.0 = Release|Any CPU
		{8CD2661C-D73E-477D-92BA-1BA7B70423F3}.Debug|Any CPU.ActiveCfg = Debug|Any CPU
		{8CD2661C-D73E-477D-92BA-1BA7B70423F3}.Debug|Any CPU.Build.0 = Debug|Any CPU
		{8CD2661C-D73E-477D-92BA-1BA7B70423F3}.Debug|x64.ActiveCfg = Debug|Any CPU
		{8CD2661C-D73E-477D-92BA-1BA7B70423F3}.Debug|x64.Build.0 = Debug|Any CPU
		{8CD2661C-D73E-477D-92BA-1BA7B70423F3}.Debug|x86.ActiveCfg = Debug|Any CPU
		{8CD2661C-D73E-477D-92BA-1BA7B70423F3}.Debug|x86.Build.0 = Debug|Any CPU
		{8CD2661C-D73E-477D-92BA-1BA7B70423F3}.Release|Any CPU.ActiveCfg = Release|Any CPU
		{8CD2661C-D73E-477D-92BA-1BA7B70423F3}.Release|Any CPU.Build.0 = Release|Any CPU
		{8CD2661C-D73E-477D-92BA-1BA7B70423F3}.Release|x64.ActiveCfg = Release|Any CPU
		{8CD2661C-D73E-477D-92BA-1BA7B70423F3}.Release|x64.Build.0 = Release|Any CPU
		{8CD2661C-D73E-477D-92BA-1BA7B70423F3}.Release|x86.ActiveCfg = Release|Any CPU
		{8CD2661C-D73E-477D-92BA-1BA7B70423F3}.Release|x86.Build.0 = Release|Any CPU
		{44DFB02C-20FC-4E7B-B992-CEBF0B9AADB8}.Debug|Any CPU.ActiveCfg = Debug|Any CPU
		{44DFB02C-20FC-4E7B-B992-CEBF0B9AADB8}.Debug|Any CPU.Build.0 = Debug|Any CPU
		{44DFB02C-20FC-4E7B-B992-CEBF0B9AADB8}.Debug|x64.ActiveCfg = Debug|Any CPU
		{44DFB02C-20FC-4E7B-B992-CEBF0B9AADB8}.Debug|x64.Build.0 = Debug|Any CPU
		{44DFB02C-20FC-4E7B-B992-CEBF0B9AADB8}.Debug|x86.ActiveCfg = Debug|Any CPU
		{44DFB02C-20FC-4E7B-B992-CEBF0B9AADB8}.Debug|x86.Build.0 = Debug|Any CPU
		{44DFB02C-20FC-4E7B-B992-CEBF0B9AADB8}.Release|Any CPU.ActiveCfg = Release|Any CPU
		{44DFB02C-20FC-4E7B-B992-CEBF0B9AADB8}.Release|Any CPU.Build.0 = Release|Any CPU
		{44DFB02C-20FC-4E7B-B992-CEBF0B9AADB8}.Release|x64.ActiveCfg = Release|Any CPU
		{44DFB02C-20FC-4E7B-B992-CEBF0B9AADB8}.Release|x64.Build.0 = Release|Any CPU
		{44DFB02C-20FC-4E7B-B992-CEBF0B9AADB8}.Release|x86.ActiveCfg = Release|Any CPU
		{44DFB02C-20FC-4E7B-B992-CEBF0B9AADB8}.Release|x86.Build.0 = Release|Any CPU
		{A7566FDE-61AC-4D36-AE4D-9EF5765BA2E4}.Debug|Any CPU.ActiveCfg = Debug|Any CPU
		{A7566FDE-61AC-4D36-AE4D-9EF5765BA2E4}.Debug|Any CPU.Build.0 = Debug|Any CPU
		{A7566FDE-61AC-4D36-AE4D-9EF5765BA2E4}.Debug|x64.ActiveCfg = Debug|Any CPU
		{A7566FDE-61AC-4D36-AE4D-9EF5765BA2E4}.Debug|x64.Build.0 = Debug|Any CPU
		{A7566FDE-61AC-4D36-AE4D-9EF5765BA2E4}.Debug|x86.ActiveCfg = Debug|Any CPU
		{A7566FDE-61AC-4D36-AE4D-9EF5765BA2E4}.Debug|x86.Build.0 = Debug|Any CPU
		{A7566FDE-61AC-4D36-AE4D-9EF5765BA2E4}.Release|Any CPU.ActiveCfg = Release|Any CPU
		{A7566FDE-61AC-4D36-AE4D-9EF5765BA2E4}.Release|Any CPU.Build.0 = Release|Any CPU
		{A7566FDE-61AC-4D36-AE4D-9EF5765BA2E4}.Release|x64.ActiveCfg = Release|Any CPU
		{A7566FDE-61AC-4D36-AE4D-9EF5765BA2E4}.Release|x64.Build.0 = Release|Any CPU
		{A7566FDE-61AC-4D36-AE4D-9EF5765BA2E4}.Release|x86.ActiveCfg = Release|Any CPU
		{A7566FDE-61AC-4D36-AE4D-9EF5765BA2E4}.Release|x86.Build.0 = Release|Any CPU
		{1C284BCA-B7F1-4836-9A26-0EDDAB2168A8}.Debug|Any CPU.ActiveCfg = Debug|Any CPU
		{1C284BCA-B7F1-4836-9A26-0EDDAB2168A8}.Debug|Any CPU.Build.0 = Debug|Any CPU
		{1C284BCA-B7F1-4836-9A26-0EDDAB2168A8}.Debug|x64.ActiveCfg = Debug|Any CPU
		{1C284BCA-B7F1-4836-9A26-0EDDAB2168A8}.Debug|x64.Build.0 = Debug|Any CPU
		{1C284BCA-B7F1-4836-9A26-0EDDAB2168A8}.Debug|x86.ActiveCfg = Debug|Any CPU
		{1C284BCA-B7F1-4836-9A26-0EDDAB2168A8}.Debug|x86.Build.0 = Debug|Any CPU
		{1C284BCA-B7F1-4836-9A26-0EDDAB2168A8}.Release|Any CPU.ActiveCfg = Release|Any CPU
		{1C284BCA-B7F1-4836-9A26-0EDDAB2168A8}.Release|Any CPU.Build.0 = Release|Any CPU
		{1C284BCA-B7F1-4836-9A26-0EDDAB2168A8}.Release|x64.ActiveCfg = Release|Any CPU
		{1C284BCA-B7F1-4836-9A26-0EDDAB2168A8}.Release|x64.Build.0 = Release|Any CPU
		{1C284BCA-B7F1-4836-9A26-0EDDAB2168A8}.Release|x86.ActiveCfg = Release|Any CPU
		{1C284BCA-B7F1-4836-9A26-0EDDAB2168A8}.Release|x86.Build.0 = Release|Any CPU
	EndGlobalSection
	GlobalSection(SolutionProperties) = preSolution
		HideSolutionNode = FALSE
	EndGlobalSection
	GlobalSection(ExtensibilityGlobals) = postSolution
		SolutionGuid = {3A908C08-74C2-40EE-BCAA-BCDE020D6FCF}
	EndGlobalSection
EndGlobal
